
Microsoft Visual Studio Solution File, Format Version 12.00
# Visual Studio Version 17
VisualStudioVersion = 17.0.31903.59
MinimumVisualStudioVersion = 10.0.40219.1
Project("{2150E333-8FDC-42A3-9474-1A3956D46DE8}") = "src", "src", "{827E0CD3-B72D-47B6-A68D-7590B98EB39B}"
EndProject
Project("{FAE04EC0-301F-11D3-BF4B-00C04F79EFBC}") = "ComputerStore.Api", "src\ComputerStore.Api\ComputerStore.Api.csproj", "{7C1CDA50-A2FA-4839-A8F6-C0957B8E857D}"
EndProject
Project("{FAE04EC0-301F-11D3-BF4B-00C04F79EFBC}") = "ComputerStore.Bll", "src\ComputerStore.Bll\ComputerStore.Bll.csproj", "{E6CEFB73-20F4-4FC1-8A16-4291C8B99B72}"
EndProject
Project("{FAE04EC0-301F-11D3-BF4B-00C04F79EFBC}") = "ComputerStore.Dal", "src\ComputerStore.Dal\ComputerStore.Dal.csproj", "{8371DBE7-8AED-4189-99C0-ADD40E119A46}"
EndProject
Global
	GlobalSection(SolutionConfigurationPlatforms) = preSolution
		Debug|Any CPU = Debug|Any CPU
		Debug|x64 = Debug|x64
		Debug|x86 = Debug|x86
		Release|Any CPU = Release|Any CPU
		Release|x64 = Release|x64
		Release|x86 = Release|x86
	EndGlobalSection
	GlobalSection(ProjectConfigurationPlatforms) = postSolution
		{7C1CDA50-A2FA-4839-A8F6-C0957B8E857D}.Debug|Any CPU.ActiveCfg = Debug|Any CPU
		{7C1CDA50-A2FA-4839-A8F6-C0957B8E857D}.Debug|Any CPU.Build.0 = Debug|Any CPU
		{7C1CDA50-A2FA-4839-A8F6-C0957B8E857D}.Debug|x64.ActiveCfg = Debug|Any CPU
		{7C1CDA50-A2FA-4839-A8F6-C0957B8E857D}.Debug|x64.Build.0 = Debug|Any CPU
		{7C1CDA50-A2FA-4839-A8F6-C0957B8E857D}.Debug|x86.ActiveCfg = Debug|Any CPU
		{7C1CDA50-A2FA-4839-A8F6-C0957B8E857D}.Debug|x86.Build.0 = Debug|Any CPU
		{7C1CDA50-A2FA-4839-A8F6-C0957B8E857D}.Release|Any CPU.ActiveCfg = Release|Any CPU
		{7C1CDA50-A2FA-4839-A8F6-C0957B8E857D}.Release|Any CPU.Build.0 = Release|Any CPU
		{7C1CDA50-A2FA-4839-A8F6-C0957B8E857D}.Release|x64.ActiveCfg = Release|Any CPU
		{7C1CDA50-A2FA-4839-A8F6-C0957B8E857D}.Release|x64.Build.0 = Release|Any CPU
		{7C1CDA50-A2FA-4839-A8F6-C0957B8E857D}.Release|x86.ActiveCfg = Release|Any CPU
		{7C1CDA50-A2FA-4839-A8F6-C0957B8E857D}.Release|x86.Build.0 = Release|Any CPU
		{E6CEFB73-20F4-4FC1-8A16-4291C8B99B72}.Debug|Any CPU.ActiveCfg = Debug|Any CPU
		{E6CEFB73-20F4-4FC1-8A16-4291C8B99B72}.Debug|Any CPU.Build.0 = Debug|Any CPU
		{E6CEFB73-20F4-4FC1-8A16-4291C8B99B72}.Debug|x64.ActiveCfg = Debug|Any CPU
		{E6CEFB73-20F4-4FC1-8A16-4291C8B99B72}.Debug|x64.Build.0 = Debug|Any CPU
		{E6CEFB73-20F4-4FC1-8A16-4291C8B99B72}.Debug|x86.ActiveCfg = Debug|Any CPU
		{E6CEFB73-20F4-4FC1-8A16-4291C8B99B72}.Debug|x86.Build.0 = Debug|Any CPU
		{E6CEFB73-20F4-4FC1-8A16-4291C8B99B72}.Release|Any CPU.ActiveCfg = Release|Any CPU
		{E6CEFB73-20F4-4FC1-8A16-4291C8B99B72}.Release|Any CPU.Build.0 = Release|Any CPU
		{E6CEFB73-20F4-4FC1-8A16-4291C8B99B72}.Release|x64.ActiveCfg = Release|Any CPU
		{E6CEFB73-20F4-4FC1-8A16-4291C8B99B72}.Release|x64.Build.0 = Release|Any CPU
		{E6CEFB73-20F4-4FC1-8A16-4291C8B99B72}.Release|x86.ActiveCfg = Release|Any CPU
		{E6CEFB73-20F4-4FC1-8A16-4291C8B99B72}.Release|x86.Build.0 = Release|Any CPU
		{8371DBE7-8AED-4189-99C0-ADD40E119A46}.Debug|Any CPU.ActiveCfg = Debug|Any CPU
		{8371DBE7-8AED-4189-99C0-ADD40E119A46}.Debug|Any CPU.Build.0 = Debug|Any CPU
		{8371DBE7-8AED-4189-99C0-ADD40E119A46}.Debug|x64.ActiveCfg = Debug|Any CPU
		{8371DBE7-8AED-4189-99C0-ADD40E119A46}.Debug|x64.Build.0 = Debug|Any CPU
		{8371DBE7-8AED-4189-99C0-ADD40E119A46}.Debug|x86.ActiveCfg = Debug|Any CPU
		{8371DBE7-8AED-4189-99C0-ADD40E119A46}.Debug|x86.Build.0 = Debug|Any CPU
		{8371DBE7-8AED-4189-99C0-ADD40E119A46}.Release|Any CPU.ActiveCfg = Release|Any CPU
		{8371DBE7-8AED-4189-99C0-ADD40E119A46}.Release|Any CPU.Build.0 = Release|Any CPU
		{8371DBE7-8AED-4189-99C0-ADD40E119A46}.Release|x64.ActiveCfg = Release|Any CPU
		{8371DBE7-8AED-4189-99C0-ADD40E119A46}.Release|x64.Build.0 = Release|Any CPU
		{8371DBE7-8AED-4189-99C0-ADD40E119A46}.Release|x86.ActiveCfg = Release|Any CPU
		{8371DBE7-8AED-4189-99C0-ADD40E119A46}.Release|x86.Build.0 = Release|Any CPU
	EndGlobalSection
	GlobalSection(SolutionProperties) = preSolution
		HideSolutionNode = FALSE
	EndGlobalSection
	GlobalSection(NestedProjects) = preSolution
		{7C1CDA50-A2FA-4839-A8F6-C0957B8E857D} = {827E0CD3-B72D-47B6-A68D-7590B98EB39B}
		{E6CEFB73-20F4-4FC1-8A16-4291C8B99B72} = {827E0CD3-B72D-47B6-A68D-7590B98EB39B}
		{8371DBE7-8AED-4189-99C0-ADD40E119A46} = {827E0CD3-B72D-47B6-A68D-7590B98EB39B}
	EndGlobalSection
EndGlobal
